
Microsoft Visual Studio Solution File, Format Version 11.00
# Visual Studio 2010
Project("{FAE04EC0-301F-11D3-BF4B-00C04F79EFBC}") = "Assembly-CSharp", "Assembly-CSharp.csproj", "{23f83881-c51d-f5e6-9c9a-8658b1f5ea77}"
EndProject
Project("{FAE04EC0-301F-11D3-BF4B-00C04F79EFBC}") = "ThryAssemblyDefinition", "ThryAssemblyDefinition.csproj", "{4b07171b-3018-b3f2-ea1c-0c8ff713c93a}"
EndProject
Project("{FAE04EC0-301F-11D3-BF4B-00C04F79EFBC}") = "Assembly-CSharp-Editor", "Assembly-CSharp-Editor.csproj", "{6a6530e2-8bcd-ed9d-5cdd-e96c3102ca0d}"
EndProject
Global
	GlobalSection(SolutionConfigurationPlatforms) = preSolution
		Debug|Any CPU = Debug|Any CPU
	EndGlobalSection
	GlobalSection(ProjectConfigurationPlatforms) = postSolution
		{23f83881-c51d-f5e6-9c9a-8658b1f5ea77}.Debug|Any CPU.ActiveCfg = Debug|Any CPU
		{23f83881-c51d-f5e6-9c9a-8658b1f5ea77}.Debug|Any CPU.Build.0 = Debug|Any CPU
		{4b07171b-3018-b3f2-ea1c-0c8ff713c93a}.Debug|Any CPU.ActiveCfg = Debug|Any CPU
		{4b07171b-3018-b3f2-ea1c-0c8ff713c93a}.Debug|Any CPU.Build.0 = Debug|Any CPU
		{6a6530e2-8bcd-ed9d-5cdd-e96c3102ca0d}.Debug|Any CPU.ActiveCfg = Debug|Any CPU
		{6a6530e2-8bcd-ed9d-5cdd-e96c3102ca0d}.Debug|Any CPU.Build.0 = Debug|Any CPU
	EndGlobalSection
	GlobalSection(SolutionProperties) = preSolution
		HideSolutionNode = FALSE
	EndGlobalSection
EndGlobal
